// !$*UTF8*$!
{
	archiveVersion = 1;
	classes = {
	};
	objectVersion = 50;
	objects = {

/* Begin PBXBuildFile section */
		49EDCD4E241D83060054C4D9 /* AppDelegate.swift in Sources */ = {isa = PBXBuildFile; fileRef = 49EDCD4D241D83060054C4D9 /* AppDelegate.swift */; };
		49EDCD50241D83060054C4D9 /* SceneDelegate.swift in Sources */ = {isa = PBXBuildFile; fileRef = 49EDCD4F241D83060054C4D9 /* SceneDelegate.swift */; };
		49EDCD52241D83060054C4D9 /* ViewController.swift in Sources */ = {isa = PBXBuildFile; fileRef = 49EDCD51241D83060054C4D9 /* ViewController.swift */; };
		49EDCD55241D83060054C4D9 /* Main.storyboard in Resources */ = {isa = PBXBuildFile; fileRef = 49EDCD53241D83060054C4D9 /* Main.storyboard */; };
		49EDCD58241D83060054C4D9 /* Drink_Enough.xcdatamodeld in Sources */ = {isa = PBXBuildFile; fileRef = 49EDCD56241D83060054C4D9 /* Drink_Enough.xcdatamodeld */; };
		49EDCD5A241D830B0054C4D9 /* Assets.xcassets in Resources */ = {isa = PBXBuildFile; fileRef = 49EDCD59241D830B0054C4D9 /* Assets.xcassets */; };
		49EDCD5D241D830B0054C4D9 /* LaunchScreen.storyboard in Resources */ = {isa = PBXBuildFile; fileRef = 49EDCD5B241D830B0054C4D9 /* LaunchScreen.storyboard */; };
/* End PBXBuildFile section */

/* Begin PBXFileReference section */
		49EDCD4A241D83060054C4D9 /* Drink Enough.app */ = {isa = PBXFileReference; explicitFileType = wrapper.application; includeInIndex = 0; path = "Drink Enough.app"; sourceTree = BUILT_PRODUCTS_DIR; };
		49EDCD4D241D83060054C4D9 /* AppDelegate.swift */ = {isa = PBXFileReference; lastKnownFileType = sourcecode.swift; path = AppDelegate.swift; sourceTree = "<group>"; };
		49EDCD4F241D83060054C4D9 /* SceneDelegate.swift */ = {isa = PBXFileReference; lastKnownFileType = sourcecode.swift; path = SceneDelegate.swift; sourceTree = "<group>"; };
		49EDCD51241D83060054C4D9 /* ViewController.swift */ = {isa = PBXFileReference; lastKnownFileType = sourcecode.swift; path = ViewController.swift; sourceTree = "<group>"; };
		49EDCD54241D83060054C4D9 /* Base */ = {isa = PBXFileReference; lastKnownFileType = file.storyboard; name = Base; path = Base.lproj/Main.storyboard; sourceTree = "<group>"; };
		49EDCD57241D83060054C4D9 /* Drink_Enough.xcdatamodel */ = {isa = PBXFileReference; lastKnownFileType = wrapper.xcdatamodel; path = Drink_Enough.xcdatamodel; sourceTree = "<group>"; };
		49EDCD59241D830B0054C4D9 /* Assets.xcassets */ = {isa = PBXFileReference; lastKnownFileType = folder.assetcatalog; path = Assets.xcassets; sourceTree = "<group>"; };
		49EDCD5C241D830B0054C4D9 /* Base */ = {isa = PBXFileReference; lastKnownFileType = file.storyboard; name = Base; path = Base.lproj/LaunchScreen.storyboard; sourceTree = "<group>"; };
		49EDCD5E241D830B0054C4D9 /* Info.plist */ = {isa = PBXFileReference; lastKnownFileType = text.plist.xml; path = Info.plist; sourceTree = "<group>"; };
/* End PBXFileReference section */

/* Begin PBXFrameworksBuildPhase section */
		49EDCD47241D83060054C4D9 /* Frameworks */ = {
			isa = PBXFrameworksBuildPhase;
			buildActionMask = 2147483647;
			files = (
			);
			runOnlyForDeploymentPostprocessing = 0;
		};
/* End PBXFrameworksBuildPhase section */

/* Begin PBXGroup section */
		49EDCD41241D83060054C4D9 = {
			isa = PBXGroup;
			children = (
				49EDCD4C241D83060054C4D9 /* Drink Enough */,
				49EDCD4B241D83060054C4D9 /* Products */,
			);
			sourceTree = "<group>";
		};
		49EDCD4B241D83060054C4D9 /* Products */ = {
			isa = PBXGroup;
			children = (
				49EDCD4A241D83060054C4D9 /* Drink Enough.app */,
			);
			name = Products;
			sourceTree = "<group>";
		};
		49EDCD4C241D83060054C4D9 /* Drink Enough */ = {
			isa = PBXGroup;
			children = (
				49EDCD4D241D83060054C4D9 /* AppDelegate.swift */,
				49EDCD4F241D83060054C4D9 /* SceneDelegate.swift */,
				49EDCD51241D83060054C4D9 /* ViewController.swift */,
				49EDCD53241D83060054C4D9 /* Main.storyboard */,
				49EDCD59241D830B0054C4D9 /* Assets.xcassets */,
				49EDCD5B241D830B0054C4D9 /* LaunchScreen.storyboard */,
				49EDCD5E241D830B0054C4D9 /* Info.plist */,
				49EDCD56241D83060054C4D9 /* Drink_Enough.xcdatamodeld */,
			);
			path = "Drink Enough";
			sourceTree = "<group>";
		};
/* End PBXGroup section */

/* Begin PBXNativeTarget section */
		49EDCD49241D83060054C4D9 /* Drink Enough */ = {
			isa = PBXNativeTarget;
			buildConfigurationList = 49EDCD61241D830B0054C4D9 /* Build configuration list for PBXNativeTarget "Drink Enough" */;
			buildPhases = (
				49EDCD46241D83060054C4D9 /* Sources */,
				49EDCD47241D83060054C4D9 /* Frameworks */,
				49EDCD48241D83060054C4D9 /* Resources */,
			);
			buildRules = (
			);
			dependencies = (
			);
			name = "Drink Enough";
			productName = "Drink Enough";
			productReference = 49EDCD4A241D83060054C4D9 /* Drink Enough.app */;
			productType = "com.apple.product-type.application";
		};
/* End PBXNativeTarget section */

/* Begin PBXProject section */
		49EDCD42241D83060054C4D9 /* Project object */ = {
			isa = PBXProject;
			attributes = {
				LastSwiftUpdateCheck = 1130;
				LastUpgradeCheck = 1130;
				ORGANIZATIONNAME = "Annekatrin Dunkel";
				TargetAttributes = {
					49EDCD49241D83060054C4D9 = {
						CreatedOnToolsVersion = 11.3.1;
					};
				};
			};
			buildConfigurationList = 49EDCD45241D83060054C4D9 /* Build configuration list for PBXProject "Drink Enough" */;
			compatibilityVersion = "Xcode 9.3";
			developmentRegion = en;
			hasScannedForEncodings = 0;
			knownRegions = (
				en,
				Base,
			);
			mainGroup = 49EDCD41241D83060054C4D9;
			productRefGroup = 49EDCD4B241D83060054C4D9 /* Products */;
			projectDirPath = "";
			projectRoot = "";
			targets = (
				49EDCD49241D83060054C4D9 /* Drink Enough */,
			);
		};
/* End PBXProject section */

/* Begin PBXResourcesBuildPhase section */
		49EDCD48241D83060054C4D9 /* Resources */ = {
			isa = PBXResourcesBuildPhase;
			buildActionMask = 2147483647;
			files = (
				49EDCD5D241D830B0054C4D9 /* LaunchScreen.storyboard in Resources */,
				49EDCD5A241D830B0054C4D9 /* Assets.xcassets in Resources */,
				49EDCD55241D83060054C4D9 /* Main.storyboard in Resources */,
			);
			runOnlyForDeploymentPostprocessing = 0;
		};
/* End PBXResourcesBuildPhase section */

/* Begin PBXSourcesBuildPhase section */
		49EDCD46241D83060054C4D9 /* Sources */ = {
			isa = PBXSourcesBuildPhase;
			buildActionMask = 2147483647;
			files = (
				49EDCD52241D83060054C4D9 /* ViewController.swift in Sources */,
				49EDCD4E241D83060054C4D9 /* AppDelegate.swift in Sources */,
				49EDCD58241D83060054C4D9 /* Drink_Enough.xcdatamodeld in Sources */,
				49EDCD50241D83060054C4D9 /* SceneDelegate.swift in Sources */,
			);
			runOnlyForDeploymentPostprocessing = 0;
		};
/* End PBXSourcesBuildPhase section */

/* Begin PBXVariantGroup section */
		49EDCD53241D83060054C4D9 /* Main.storyboard */ = {
			isa = PBXVariantGroup;
			children = (
				49EDCD54241D83060054C4D9 /* Base */,
			);
			name = Main.storyboard;
			sourceTree = "<group>";
		};
		49EDCD5B241D830B0054C4D9 /* LaunchScreen.storyboard */ = {
			isa = PBXVariantGroup;
			children = (
				49EDCD5C241D830B0054C4D9 /* Base */,
			);
			name = LaunchScreen.storyboard;
			sourceTree = "<group>";
		};
/* End PBXVariantGroup section */

/* Begin XCBuildConfiguration section */
		49EDCD5F241D830B0054C4D9 /* Debug */ = {
			isa = XCBuildConfiguration;
			buildSettings = {
				ALWAYS_SEARCH_USER_PATHS = NO;
				CLANG_ANALYZER_NONNULL = YES;
				CLANG_ANALYZER_NUMBER_OBJECT_CONVERSION = YES_AGGRESSIVE;
				CLANG_CXX_LANGUAGE_STANDARD = "gnu++14";
				CLANG_CXX_LIBRARY = "libc++";
				CLANG_ENABLE_MODULES = YES;
				CLANG_ENABLE_OBJC_ARC = YES;
				CLANG_ENABLE_OBJC_WEAK = YES;
				CLANG_WARN_BLOCK_CAPTURE_AUTORELEASING = YES;
				CLANG_WARN_BOOL_CONVERSION = YES;
				CLANG_WARN_COMMA = YES;
				CLANG_WARN_CONSTANT_CONVERSION = YES;
				CLANG_WARN_DEPRECATED_OBJC_IMPLEMENTATIONS = YES;
				CLANG_WARN_DIRECT_OBJC_ISA_USAGE = YES_ERROR;
				CLANG_WARN_DOCUMENTATION_COMMENTS = YES;
				CLANG_WARN_EMPTY_BODY = YES;
				CLANG_WARN_ENUM_CONVERSION = YES;
				CLANG_WARN_INFINITE_RECURSION = YES;
				CLANG_WARN_INT_CONVERSION = YES;
				CLANG_WARN_NON_LITERAL_NULL_CONVERSION = YES;
				CLANG_WARN_OBJC_IMPLICIT_RETAIN_SELF = YES;
				CLANG_WARN_OBJC_LITERAL_CONVERSION = YES;
				CLANG_WARN_OBJC_ROOT_CLASS = YES_ERROR;
				CLANG_WARN_RANGE_LOOP_ANALYSIS = YES;
				CLANG_WARN_STRICT_PROTOTYPES = YES;
				CLANG_WARN_SUSPICIOUS_MOVE = YES;
				CLANG_WARN_UNGUARDED_AVAILABILITY = YES_AGGRESSIVE;
				CLANG_WARN_UNREACHABLE_CODE = YES;
				CLANG_WARN__DUPLICATE_METHOD_MATCH = YES;
				COPY_PHASE_STRIP = NO;
				DEBUG_INFORMATION_FORMAT = dwarf;
				ENABLE_STRICT_OBJC_MSGSEND = YES;
				ENABLE_TESTABILITY = YES;
				GCC_C_LANGUAGE_STANDARD = gnu11;
				GCC_DYNAMIC_NO_PIC = NO;
				GCC_NO_COMMON_BLOCKS = YES;
				GCC_OPTIMIZATION_LEVEL = 0;
				GCC_PREPROCESSOR_DEFINITIONS = (
					"DEBUG=1",
					"$(inherited)",
				);
				GCC_WARN_64_TO_32_BIT_CONVERSION = YES;
				GCC_WARN_ABOUT_RETURN_TYPE = YES_ERROR;
				GCC_WARN_UNDECLARED_SELECTOR = YES;
				GCC_WARN_UNINITIALIZED_AUTOS = YES_AGGRESSIVE;
				GCC_WARN_UNUSED_FUNCTION = YES;
				GCC_WARN_UNUSED_VARIABLE = YES;
				IPHONEOS_DEPLOYMENT_TARGET = 13.2;
				MTL_ENABLE_DEBUG_INFO = INCLUDE_SOURCE;
				MTL_FAST_MATH = YES;
				ONLY_ACTIVE_ARCH = YES;
				SDKROOT = iphoneos;
				SWIFT_ACTIVE_COMPILATION_CONDITIONS = DEBUG;
				SWIFT_OPTIMIZATION_LEVEL = "-Onone";
			};
			name = Debug;
		};
		49EDCD60241D830B0054C4D9 /* Release */ = {
			isa = XCBuildConfiguration;
			buildSettings = {
				ALWAYS_SEARCH_USER_PATHS = NO;
				CLANG_ANALYZER_NONNULL = YES;
				CLANG_ANALYZER_NUMBER_OBJECT_CONVERSION = YES_AGGRESSIVE;
				CLANG_CXX_LANGUAGE_STANDARD = "gnu++14";
				CLANG_CXX_LIBRARY = "libc++";
				CLANG_ENABLE_MODULES = YES;
				CLANG_ENABLE_OBJC_ARC = YES;
				CLANG_ENABLE_OBJC_WEAK = YES;
				CLANG_WARN_BLOCK_CAPTURE_AUTORELEASING = YES;
				CLANG_WARN_BOOL_CONVERSION = YES;
				CLANG_WARN_COMMA = YES;
				CLANG_WARN_CONSTANT_CONVERSION = YES;
				CLANG_WARN_DEPRECATED_OBJC_IMPLEMENTATIONS = YES;
				CLANG_WARN_DIRECT_OBJC_ISA_USAGE = YES_ERROR;
				CLANG_WARN_DOCUMENTATION_COMMENTS = YES;
				CLANG_WARN_EMPTY_BODY = YES;
				CLANG_WARN_ENUM_CONVERSION = YES;
				CLANG_WARN_INFINITE_RECURSION = YES;
				CLANG_WARN_INT_CONVERSION = YES;
				CLANG_WARN_NON_LITERAL_NULL_CONVERSION = YES;
				CLANG_WARN_OBJC_IMPLICIT_RETAIN_SELF = YES;
				CLANG_WARN_OBJC_LITERAL_CONVERSION = YES;
				CLANG_WARN_OBJC_ROOT_CLASS = YES_ERROR;
				CLANG_WARN_RANGE_LOOP_ANALYSIS = YES;
				CLANG_WARN_STRICT_PROTOTYPES = YES;
				CLANG_WARN_SUSPICIOUS_MOVE = YES;
				CLANG_WARN_UNGUARDED_AVAILABILITY = YES_AGGRESSIVE;
				CLANG_WARN_UNREACHABLE_CODE = YES;
				CLANG_WARN__DUPLICATE_METHOD_MATCH = YES;
				COPY_PHASE_STRIP = NO;
				DEBUG_INFORMATION_FORMAT = "dwarf-with-dsym";
				ENABLE_NS_ASSERTIONS = NO;
				ENABLE_STRICT_OBJC_MSGSEND = YES;
				GCC_C_LANGUAGE_STANDARD = gnu11;
				GCC_NO_COMMON_BLOCKS = YES;
				GCC_WARN_64_TO_32_BIT_CONVERSION = YES;
				GCC_WARN_ABOUT_RETURN_TYPE = YES_ERROR;
				GCC_WARN_UNDECLARED_SELECTOR = YES;
				GCC_WARN_UNINITIALIZED_AUTOS = YES_AGGRESSIVE;
				GCC_WARN_UNUSED_FUNCTION = YES;
				GCC_WARN_UNUSED_VARIABLE = YES;
				IPHONEOS_DEPLOYMENT_TARGET = 13.2;
				MTL_ENABLE_DEBUG_INFO = NO;
				MTL_FAST_MATH = YES;
				SDKROOT = iphoneos;
				SWIFT_COMPILATION_MODE = wholemodule;
				SWIFT_OPTIMIZATION_LEVEL = "-O";
				VALIDATE_PRODUCT = YES;
			};
			name = Release;
		};
		49EDCD62241D830B0054C4D9 /* Debug */ = {
			isa = XCBuildConfiguration;
			buildSettings = {
				ASSETCATALOG_COMPILER_APPICON_NAME = AppIcon;
				CODE_SIGN_STYLE = Automatic;
				DEVELOPMENT_TEAM = CTH79468M9;
				INFOPLIST_FILE = "Drink Enough/Info.plist";
				LD_RUNPATH_SEARCH_PATHS = (
					"$(inherited)",
					"@executable_path/Frameworks",
				);
				PRODUCT_BUNDLE_IDENTIFIER = "com.annekatrindunkel.Drink-Enough";
				PRODUCT_NAME = "$(TARGET_NAME)";
				SWIFT_VERSION = 5.0;
				TARGETED_DEVICE_FAMILY = "1,2";
			};
			name = Debug;
		};
		49EDCD63241D830B0054C4D9 /* Release */ = {
			isa = XCBuildConfiguration;
			buildSettings = {
				ASSETCATALOG_COMPILER_APPICON_NAME = AppIcon;
				CODE_SIGN_STYLE = Automatic;
				DEVELOPMENT_TEAM = CTH79468M9;
				INFOPLIST_FILE = "Drink Enough/Info.plist";
				LD_RUNPATH_SEARCH_PATHS = (
					"$(inherited)",
					"@executable_path/Frameworks",
				);
				PRODUCT_BUNDLE_IDENTIFIER = "com.annekatrindunkel.Drink-Enough";
				PRODUCT_NAME = "$(TARGET_NAME)";
				SWIFT_VERSION = 5.0;
				TARGETED_DEVICE_FAMILY = "1,2";
			};
			name = Release;
		};
/* End XCBuildConfiguration section */

/* Begin XCConfigurationList section */
		49EDCD45241D83060054C4D9 /* Build configuration list for PBXProject "Drink Enough" */ = {
			isa = XCConfigurationList;
			buildConfigurations = (
				49EDCD5F241D830B0054C4D9 /* Debug */,
				49EDCD60241D830B0054C4D9 /* Release */,
			);
			defaultConfigurationIsVisible = 0;
			defaultConfigurationName = Release;
		};
		49EDCD61241D830B0054C4D9 /* Build configuration list for PBXNativeTarget "Drink Enough" */ = {
			isa = XCConfigurationList;
			buildConfigurations = (
				49EDCD62241D830B0054C4D9 /* Debug */,
				49EDCD63241D830B0054C4D9 /* Release */,
			);
			defaultConfigurationIsVisible = 0;
			defaultConfigurationName = Release;
		};
/* End XCConfigurationList section */

/* Begin XCVersionGroup section */
		49EDCD56241D83060054C4D9 /* Drink_Enough.xcdatamodeld */ = {
			isa = XCVersionGroup;
			children = (
				49EDCD57241D83060054C4D9 /* Drink_Enough.xcdatamodel */,
			);
			currentVersion = 49EDCD57241D83060054C4D9 /* Drink_Enough.xcdatamodel */;
			path = Drink_Enough.xcdatamodeld;
			sourceTree = "<group>";
			versionGroupType = wrapper.xcdatamodel;
		};
/* End XCVersionGroup section */
	};
	rootObject = 49EDCD42241D83060054C4D9 /* Project object */;
}
